
Microsoft Visual Studio Solution File, Format Version 12.00
# Visual Studio Version 17
VisualStudioVersion = 17.10.35201.131
MinimumVisualStudioVersion = 10.0.40219.1
Project("{9A19103F-16F7-4668-BE54-9A1E7A4F7556}") = "A-FluentResultsDemo", "FluentResultsDemo\A-FluentResultsDemo.csproj", "{72E8E401-204B-4D72-8C09-F4606C5D20FD}"
EndProject
Project("{9A19103F-16F7-4668-BE54-9A1E7A4F7556}") = "B-CSharpFunctionalExtensionsDemo", "CSharpFunctionalExtensionsDemo\B-CSharpFunctionalExtensionsDemo.csproj", "{1E2683D6-46E0-4647-8EDE-A46823E73A7F}"
EndProject
Project("{9A19103F-16F7-4668-BE54-9A1E7A4F7556}") = "D-LanguageExtDemo", "LanguageExtDemo\D-LanguageExtDemo.csproj", "{C9321DEC-F84D-4586-A8C6-96D085719762}"
EndProject
Project("{9A19103F-16F7-4668-BE54-9A1E7A4F7556}") = "C-OneOfDemo", "OneOfDemo\C-OneOfDemo.csproj", "{1D5DB500-C1FC-4305-8616-17B63EFE760B}"
EndProject
Global
	GlobalSection(SolutionConfigurationPlatforms) = preSolution
		Debug|Any CPU = Debug|Any CPU
		Release|Any CPU = Release|Any CPU
	EndGlobalSection
	GlobalSection(ProjectConfigurationPlatforms) = postSolution
		{72E8E401-204B-4D72-8C09-F4606C5D20FD}.Debug|Any CPU.ActiveCfg = Debug|Any CPU
		{72E8E401-204B-4D72-8C09-F4606C5D20FD}.Debug|Any CPU.Build.0 = Debug|Any CPU
		{72E8E401-204B-4D72-8C09-F4606C5D20FD}.Release|Any CPU.ActiveCfg = Release|Any CPU
		{72E8E401-204B-4D72-8C09-F4606C5D20FD}.Release|Any CPU.Build.0 = Release|Any CPU
		{1E2683D6-46E0-4647-8EDE-A46823E73A7F}.Debug|Any CPU.ActiveCfg = Debug|Any CPU
		{1E2683D6-46E0-4647-8EDE-A46823E73A7F}.Debug|Any CPU.Build.0 = Debug|Any CPU
		{1E2683D6-46E0-4647-8EDE-A46823E73A7F}.Release|Any CPU.ActiveCfg = Release|Any CPU
		{1E2683D6-46E0-4647-8EDE-A46823E73A7F}.Release|Any CPU.Build.0 = Release|Any CPU
		{C9321DEC-F84D-4586-A8C6-96D085719762}.Debug|Any CPU.ActiveCfg = Debug|Any CPU
		{C9321DEC-F84D-4586-A8C6-96D085719762}.Debug|Any CPU.Build.0 = Debug|Any CPU
		{C9321DEC-F84D-4586-A8C6-96D085719762}.Release|Any CPU.ActiveCfg = Release|Any CPU
		{C9321DEC-F84D-4586-A8C6-96D085719762}.Release|Any CPU.Build.0 = Release|Any CPU
		{1D5DB500-C1FC-4305-8616-17B63EFE760B}.Debug|Any CPU.ActiveCfg = Debug|Any CPU
		{1D5DB500-C1FC-4305-8616-17B63EFE760B}.Debug|Any CPU.Build.0 = Debug|Any CPU
		{1D5DB500-C1FC-4305-8616-17B63EFE760B}.Release|Any CPU.ActiveCfg = Release|Any CPU
		{1D5DB500-C1FC-4305-8616-17B63EFE760B}.Release|Any CPU.Build.0 = Release|Any CPU
	EndGlobalSection
	GlobalSection(SolutionProperties) = preSolution
		HideSolutionNode = FALSE
	EndGlobalSection
	GlobalSection(ExtensibilityGlobals) = postSolution
		SolutionGuid = {0316522C-D46C-40C4-BDAF-8B30B614E4CC}
	EndGlobalSection
EndGlobal
